# THIS IS AN AUTOGENERATED FILE. DO NOT EDIT THIS FILE DIRECTLY.
# yarn lockfile v1


"@multiformats/base-x@^4.0.1":
  version "4.0.1"
  resolved "https://registry.yarnpkg.com/@multiformats/base-x/-/base-x-4.0.1.tgz#95ff0fa58711789d53aefb2590a8b7a4e715d121"
  integrity sha512-eMk0b9ReBbV23xXU693TAIrLyeO5iTgBZGSJfpqriG8UkYvr/hC9u9pyMlAakDNHWmbhMZCDs6KQO0jzKD8OTw==

"@types/bs58@^4.0.1":
  version "4.0.1"
  resolved "https://registry.yarnpkg.com/@types/bs58/-/bs58-4.0.1.tgz#3d51222aab067786d3bc3740a84a7f5a0effaa37"
  integrity sha512-yfAgiWgVLjFCmRv8zAcOIHywYATEwiTVccTLnRp6UxTNavT55M9d/uhK3T03St/+8/z/wW+CRjGKUNmEqoHHCA==
  dependencies:
    base-x "^3.0.6"

"@types/eventsource@^1.1.2":
  version "1.1.5"
  resolved "https://registry.yarnpkg.com/@types/eventsource/-/eventsource-1.1.5.tgz#408e9b45efb176c8bea672ab58c81e7ab00d24bc"
  integrity sha512-BA9q9uC2PAMkUS7DunHTxWZZaVpeNzDG8lkBxcKwzKJClfDQ4Z59/Csx7HSH/SIqFN2JWh0tAKAM6k/wRR0OZg==

"@types/node@*", "@types/node@>= 8":
  version "14.14.17"
  resolved "https://registry.yarnpkg.com/@types/node/-/node-14.14.17.tgz#29fab92f3986c0e379968ad3c2043683d8020dbb"
  integrity sha512-G0lD1/7qD60TJ/mZmhog76k7NcpLWkPVGgzkRy3CTlnFu4LUQh5v2Wa661z6vnXmD8EQrnALUyf0VRtrACYztw==

"@types/randombytes@^2.0.0":
  version "2.0.0"
  resolved "https://registry.yarnpkg.com/@types/randombytes/-/randombytes-2.0.0.tgz#0087ff5e60ae68023b9bc4398b406fea7ad18304"
  integrity sha512-bz8PhAVlwN72vqefzxa14DKNT8jK/mV66CSjwdVQM/k3Th3EPKfUtdMniwZgMedQTFuywAsfjnZsg+pEnltaMA==
  dependencies:
    "@types/node" "*"

"@types/urijs@^1.19.6":
  version "1.19.13"
  resolved "https://registry.yarnpkg.com/@types/urijs/-/urijs-1.19.13.tgz#0bd025b65df8ee5f038bbf6f1cb2e95160b49a56"
  integrity sha512-Wg/E8Q+ylkR6JElTwOcjG7kM99/iJz28E9RKr8syOxssRs3gWchsziUkb+Nr254aUBWHY0QiScGAfIx4lKI3/g==

abort-controller@^3.0.0:
  version "3.0.0"
  resolved "https://registry.yarnpkg.com/abort-controller/-/abort-controller-3.0.0.tgz#eaf54d53b62bae4138e809ca225c8439a6efb392"
  integrity sha512-h8lQ8tacZYnR3vNQTgibj+tODHI5/+l06Au2Pcriv/Gmet0eaj4TwWH41sO9wnHDiQsEj19q0drzdWdeAHtweg==
  dependencies:
    event-target-shim "^5.0.0"

any-signal@^2.0.0, any-signal@^2.1.0:
  version "2.1.1"
  resolved "https://registry.yarnpkg.com/any-signal/-/any-signal-2.1.1.tgz#6458f7ce08cfdd8df21953016ae03ca129b07e35"
  integrity sha512-kjyMTtHQsB3yZAVDZlLVucPJnmnrXhamB/rm3Td3jse5Q+16FXXolP4elWU0yLFDyrxTkjjDXtIdjSPiEznf3w==
  dependencies:
    abort-controller "^3.0.0"
    native-abort-controller "0.0.3"

arg@^4.1.0:
  version "4.1.3"
  resolved "https://registry.yarnpkg.com/arg/-/arg-4.1.3.tgz#269fc7ad5b8e42cb63c896d5666017261c144089"
  integrity sha512-58S9QDqG0Xx27YwPSt9fJxivjYl432YCwfDMfZ+71RAqUrZef7LrKQZ3LHLOwCS4FLNBplP533Zx895SeOCHvA==

asynckit@^0.4.0:
  version "0.4.0"
  resolved "https://registry.yarnpkg.com/asynckit/-/asynckit-0.4.0.tgz#c79ed97f7f34cb8f2ba1bc9790bcc366474b4b79"
  integrity sha1-x57Zf380y48robyXkLzDZkdLS3k=

at-least-node@^1.0.0:
  version "1.0.0"
  resolved "https://registry.yarnpkg.com/at-least-node/-/at-least-node-1.0.0.tgz#602cd4b46e844ad4effc92a8011a3c46e0238dc2"
  integrity sha512-+q/t7Ekv1EDY2l6Gda6LLiX14rU9TV20Wa3ofeQmwPFZbOMo9DXrLbOjFaaclkXKWidIaopwAObQDqwWtGUjqg==

axios@^0.19.0:
  version "0.19.2"
  resolved "https://registry.yarnpkg.com/axios/-/axios-0.19.2.tgz#3ea36c5d8818d0d5f8a8a97a6d36b86cdc00cb27"
  integrity sha512-fjgm5MvRHLhx+osE2xoekY70AhARk3a6hkN+3Io1jc00jtquGvxYlKlsFUhmUET0V5te6CcZI7lcv2Ym61mjHA==
  dependencies:
    follow-redirects "1.5.10"

balanced-match@^1.0.0:
  version "1.0.0"
  resolved "https://registry.yarnpkg.com/balanced-match/-/balanced-match-1.0.0.tgz#89b4d199ab2bee49de164ea02b89ce462d71b767"
  integrity sha1-ibTRmasr7kneFk6gK4nORi1xt2c=

base-x@^3.0.2, base-x@^3.0.6:
  version "3.0.8"
  resolved "https://registry.yarnpkg.com/base-x/-/base-x-3.0.8.tgz#1e1106c2537f0162e8b52474a557ebb09000018d"
  integrity sha512-Rl/1AWP4J/zRrk54hhlxH4drNxPJXYUaKffODVI53/dAsV4t9fBxyxYKAVPU1XBHxYwOWP9h9H0hM2MVw4YfJA==
  dependencies:
    safe-buffer "^5.0.1"

base32.js@^0.1.0:
  version "0.1.0"
  resolved "https://registry.yarnpkg.com/base32.js/-/base32.js-0.1.0.tgz#b582dec693c2f11e893cf064ee6ac5b6131a2202"
  integrity sha1-tYLexpPC8R6JPPBk7mrFthMaIgI=

base64-js@^1.3.1:
  version "1.5.1"
  resolved "https://registry.yarnpkg.com/base64-js/-/base64-js-1.5.1.tgz#1b1b440160a5bf7ad40b650f095963481903930a"
  integrity sha512-AKpaYlHn8t4SVbOHCy+b5+KKgvR4vrsD8vbvrbiQJps7fKDTkjkDry6ji0rUJjC0kzbNePLwzxq8iypo41qeWA==

bignumber.js@^4.0.0:
  version "4.1.0"
  resolved "https://registry.yarnpkg.com/bignumber.js/-/bignumber.js-4.1.0.tgz#db6f14067c140bd46624815a7916c92d9b6c24b1"
  integrity sha512-eJzYkFYy9L4JzXsbymsFn3p54D+llV27oTQ+ziJG7WFRheJcNZilgVXMG0LoZtlQSKBsJdWtLFqOD0u+U0jZKA==

bignumber.js@^9.0.0:
  version "9.0.1"
  resolved "https://registry.yarnpkg.com/bignumber.js/-/bignumber.js-9.0.1.tgz#8d7ba124c882bfd8e43260c67475518d0689e4e5"
  integrity sha512-IdZR9mh6ahOBv/hYGiXyVuyCetmGJhtYkqLBpTStdhEGjegpPlUawydyaF3pbIOFynJTpllEs+NP+CS9jKFLjA==

bl@^4.0.0:
  version "4.0.3"
  resolved "https://registry.yarnpkg.com/bl/-/bl-4.0.3.tgz#12d6287adc29080e22a705e5764b2a9522cdc489"
  integrity sha512-fs4G6/Hu4/EE+F75J8DuN/0IpQqNjAdC7aEQv7Qt8MHGUH7Ckv2MwTEEeN9QehD0pfIDkMI1bkHYkKy7xHyKIg==
  dependencies:
    buffer "^5.5.0"
    inherits "^2.0.4"
    readable-stream "^3.4.0"

blakejs@^1.1.0:
  version "1.1.0"
  resolved "https://registry.yarnpkg.com/blakejs/-/blakejs-1.1.0.tgz#69df92ef953aa88ca51a32df6ab1c54a155fc7a5"
  integrity sha1-ad+S75U6qIylGjLfarHFShVfx6U=

blob-to-it@^1.0.1:
  version "1.0.1"
  resolved "https://registry.yarnpkg.com/blob-to-it/-/blob-to-it-1.0.1.tgz#a520e21351badd50064d776589639aa197ef97e4"
  integrity sha512-papO4swPtR4MtNQ2foUkaS9e7HlD8XFQEBL3HZNhT4Qp6RQ/7t4C6bo4kRKtJV6A3AIgKR05Z9sbB+na6u+QYA==
  dependencies:
    browser-readablestream-to-it "^1.0.1"

borc@^2.1.2:
  version "2.1.2"
  resolved "https://registry.yarnpkg.com/borc/-/borc-2.1.2.tgz#6ce75e7da5ce711b963755117dd1b187f6f8cf19"
  integrity sha512-Sy9eoUi4OiKzq7VovMn246iTo17kzuyHJKomCfpWMlI6RpfN1gk95w7d7gH264nApVLg0HZfcpz62/g4VH1Y4w==
  dependencies:
    bignumber.js "^9.0.0"
    buffer "^5.5.0"
    commander "^2.15.0"
    ieee754 "^1.1.13"
    iso-url "~0.4.7"
    json-text-sequence "~0.1.0"
    readable-stream "^3.6.0"

brace-expansion@^1.1.7:
  version "1.1.11"
  resolved "https://registry.yarnpkg.com/brace-expansion/-/brace-expansion-1.1.11.tgz#3c7fcbf529d87226f3d2f52b966ff5271eb441dd"
  integrity sha512-iCuPHDFgrHX7H2vEI/5xpz07zSHB00TpugqhmYtVmMO6518mCuRMoOYFldEBl0g187ufozdaHgWKcYFb61qGiA==
  dependencies:
    balanced-match "^1.0.0"
    concat-map "0.0.1"

browser-readablestream-to-it@^1.0.1:
  version "1.0.1"
  resolved "https://registry.yarnpkg.com/browser-readablestream-to-it/-/browser-readablestream-to-it-1.0.1.tgz#50ac349f38f6c0ace3c338f90699f7dc936c46ca"
  integrity sha512-vLeoyPpVY8IL5R4AEMI5nICVpuK1VBwBi6OUyuD1U9NUOL7UmAgP4agfbkkkZf+cBZaYtCYrgASd6YyVbIbsjA==

bs58@^4.0.1:
  version "4.0.1"
  resolved "https://registry.yarnpkg.com/bs58/-/bs58-4.0.1.tgz#be161e76c354f6f788ae4071f63f34e8c4f0a42a"
  integrity sha1-vhYedsNU9veIrkBx9j806MTwpCo=
  dependencies:
    base-x "^3.0.2"

buffer-from@^1.0.0:
  version "1.1.1"
  resolved "https://registry.yarnpkg.com/buffer-from/-/buffer-from-1.1.1.tgz#32713bc028f75c02fdb710d7c7bcec1f2c6070ef"
  integrity sha512-MQcXEUbCKtEo7bhqEs6560Hyd4XaovZlO/k9V3hjVUF/zwW7KBVdSK4gIt/bzwS9MbR5qob+F5jusZsb0YQK2A==

buffer@^5.1.0, buffer@^5.4.3, buffer@^5.5.0, buffer@^5.6.0:
  version "5.7.1"
  resolved "https://registry.yarnpkg.com/buffer/-/buffer-5.7.1.tgz#ba62e7c13133053582197160851a8f648e99eed0"
  integrity sha512-EHcyIPBQ4BSGlvjB16k5KgAJ27CIsHY/2JBmCRReo48y9rQ3MaUzWX3KVlBa4U7MyX02HdVj0K7C3WaB3ju7FQ==
  dependencies:
    base64-js "^1.3.1"
    ieee754 "^1.1.13"

buffer@^6.0.1:
  version "6.0.3"
  resolved "https://registry.yarnpkg.com/buffer/-/buffer-6.0.3.tgz#2ace578459cc8fbe2a70aaa8f52ee63b6a74c6c6"
  integrity sha512-FTiCpNxtwiZZHEZbcbTIcZjERVICn9yq/pDFkTl95/AxzD1naBctN7YO68riM/gLSDY7sdrMby8hofADYuuqOA==
  dependencies:
    base64-js "^1.3.1"
    ieee754 "^1.2.1"

cids@^1.0.0:
  version "1.1.4"
  resolved "https://registry.yarnpkg.com/cids/-/cids-1.1.4.tgz#d2aa4343fef971ef896b032fa0b99a66755d0f98"
  integrity sha512-mo0IWZKcaQZsret8cP39MzDnPVT9NhhQEVaIKwWnBFaLtj2slTFckYMnbk15ptewNkb22qRBLfuBK+qiWYW/Mg==
  dependencies:
    multibase "^3.0.1"
    multicodec "^2.1.0"
    multihashes "^3.0.1"
    uint8arrays "^1.1.0"

class-is@^1.1.0:
  version "1.1.0"
  resolved "https://registry.yarnpkg.com/class-is/-/class-is-1.1.0.tgz#9d3c0fba0440d211d843cec3dedfa48055005825"
  integrity sha512-rhjH9AG1fvabIDoGRVH587413LPjTZgmDF9fOFCbFJQV4yuocX1mHxxvXI4g3cGwbVY9wAYIoKlg1N79frJKQw==

combined-stream@^1.0.8:
  version "1.0.8"
  resolved "https://registry.yarnpkg.com/combined-stream/-/combined-stream-1.0.8.tgz#c3d45a8b34fd730631a110a8a2520682b31d5a7f"
  integrity sha512-FQN4MRfuJeHf7cBbBMJFXhKSDq+2kAArBlmRBvcvFE5BB1HZKXtSFASDhdlz9zOYwxh8lDdnvmMOe/+5cdoEdg==
  dependencies:
    delayed-stream "~1.0.0"

commander@^2.15.0:
  version "2.20.3"
  resolved "https://registry.yarnpkg.com/commander/-/commander-2.20.3.tgz#fd485e84c03eb4881c20722ba48035e8531aeb33"
  integrity sha512-GpVkmM8vF2vQUkj2LvZmD35JxeJOLCwJ9cUkugyk2nuhbv3+mJvpLYYt+0+USMxE+oj+ey/lJEnhZw75x/OMcQ==

concat-map@0.0.1:
  version "0.0.1"
  resolved "https://registry.yarnpkg.com/concat-map/-/concat-map-0.0.1.tgz#d8a96bd77fd68df7793a73036a3ba0d5405d477b"
  integrity sha1-2Klr13/Wjfd5OnMDajug1UBdR3s=

crc@^3.5.0:
  version "3.8.0"
  resolved "https://registry.yarnpkg.com/crc/-/crc-3.8.0.tgz#ad60269c2c856f8c299e2c4cc0de4556914056c6"
  integrity sha512-iX3mfgcTMIq3ZKLIsVFAbv7+Mc10kxabAGQb8HvjA1o3T1PIYprbakQ65d3I+2HGHt6nSKkM9PYjgoJO2KcFBQ==
  dependencies:
    buffer "^5.1.0"

create-require@^1.1.0:
  version "1.1.1"
  resolved "https://registry.yarnpkg.com/create-require/-/create-require-1.1.1.tgz#c1d7e8f1e5f6cfc9ff65f9cd352d37348756c333"
  integrity sha512-dcKFX3jn0MpIaXjisoRvexIJVEKzaq7z2rZKxf+MSr9TkdmHmsU4m2lcLojrj/FHl8mk5VxMmYA+ftRkP/3oKQ==

cursor@^0.1.5:
  version "0.1.5"
  resolved "https://registry.yarnpkg.com/cursor/-/cursor-0.1.5.tgz#ea778c2b09d33c2e564fd92147076750483ebb2c"
  integrity sha1-6neMKwnTPC5WT9khRwdnUEg+uyw=

debug@=3.1.0:
  version "3.1.0"
  resolved "https://registry.yarnpkg.com/debug/-/debug-3.1.0.tgz#5bb5a0672628b64149566ba16819e61518c67261"
  integrity sha512-OX8XqP7/1a9cqkxYw2yXss15f26NKWBpDXQd0/uK/KPqdQhxbPa994hnzjcE2VqQpDslf55723cKPUOGSmMY3g==
  dependencies:
    ms "2.0.0"

debug@^4.1.1, debug@^4.2.0:
  version "4.3.1"
  resolved "https://registry.yarnpkg.com/debug/-/debug-4.3.1.tgz#f0d229c505e0c6d8c49ac553d1b13dc183f6b2ee"
  integrity sha512-doEwdvm4PCeK4K3RQN2ZC2BYUBaxwLARCqZmMjtF8a51J2Rb0xpVloFRnCODwqjpwnAoao4pelN8l3RJdv3gRQ==
  dependencies:
    ms "2.1.2"

define-properties@^1.1.3:
  version "1.1.3"
  resolved "https://registry.yarnpkg.com/define-properties/-/define-properties-1.1.3.tgz#cf88da6cbee26fe6db7094f61d870cbd84cee9f1"
  integrity sha512-3MqfYKj2lLzdMSf8ZIZE/V+Zuy+BgD6f164e8K2w7dgnpKArBDerGYpM46IYYcjnkdPNMjPk9A6VFB8+3SKlXQ==
  dependencies:
    object-keys "^1.0.12"

delayed-stream@~1.0.0:
  version "1.0.0"
  resolved "https://registry.yarnpkg.com/delayed-stream/-/delayed-stream-1.0.0.tgz#df3ae199acadfb7d440aaae0b29e2272b24ec619"
  integrity sha1-3zrhmayt+31ECqrgsp4icrJOxhk=

delimit-stream@0.1.0:
  version "0.1.0"
  resolved "https://registry.yarnpkg.com/delimit-stream/-/delimit-stream-0.1.0.tgz#9b8319477c0e5f8aeb3ce357ae305fc25ea1cd2b"
  integrity sha1-m4MZR3wOX4rrPONXrjBfwl6hzSs=

detect-node@^2.0.4:
  version "2.0.4"
  resolved "https://registry.yarnpkg.com/detect-node/-/detect-node-2.0.4.tgz#014ee8f8f669c5c58023da64b8179c083a28c46c"
  integrity sha512-ZIzRpLJrOj7jjP2miAtgqIfmzbxa4ZOr5jJc601zklsfEx9oTzmmj2nVpIPRpNlRTIh8lc1kyViIY7BWSGNmKw==

diff@^4.0.1:
  version "4.0.2"
  resolved "https://registry.yarnpkg.com/diff/-/diff-4.0.2.tgz#60f3aecb89d5fae520c11aa19efc2bb982aade7d"
  integrity sha512-58lmxKSA4BNyLz+HHMUzlOEpg09FV+ev6ZMe3vJihgdxzgcwZ8VoEEPmALCZG9LmqfVoNMMKpttIYTVG6uDY7A==

dns-over-http-resolver@^1.0.0:
  version "1.2.0"
  resolved "https://registry.yarnpkg.com/dns-over-http-resolver/-/dns-over-http-resolver-1.2.0.tgz#1f9c808c88810b9ffe5c4a6ece449764e9658002"
  integrity sha512-LJ1sEbQgwY+qmL6z3kNIKi0vHA9nSUdZb8vf3G6z43ZVIF6WhhNHXztLMOOvaMIvtCsCZBjAie11MtUD3+H0YA==
  dependencies:
    debug "^4.2.0"
    native-fetch "^2.0.1"
    receptacle "^1.3.2"

dotenv@^8.2.0:
  version "8.2.0"
  resolved "https://registry.yarnpkg.com/dotenv/-/dotenv-8.2.0.tgz#97e619259ada750eea3e4ea3e26bceea5424b16a"
  integrity sha512-8sJ78ElpbDJBHNeBzUbUVLsqKdccaa/BXF1uPTw3GrvQTBgrQrtObr2mUrE38vzYd8cEv+m/JBfDLioYcfXoaw==

electron-fetch@^1.7.2:
  version "1.7.2"
  resolved "https://registry.yarnpkg.com/electron-fetch/-/electron-fetch-1.7.2.tgz#7ecc63629715a5de286957a8aceb35272c5d0b02"
  integrity sha512-J7D136rhxIhPwYJsnHPpKgbyd4NUCGnKM1CuXLhmVWZdc8f6+LBiJqUOTngtSacj+xvGWgaDWOAuCXnhqiMTCw==
  dependencies:
    encoding "^0.1.13"

encoding@^0.1.13:
  version "0.1.13"
  resolved "https://registry.yarnpkg.com/encoding/-/encoding-0.1.13.tgz#56574afdd791f54a8e9b2785c0582a2d26210fa9"
  integrity sha512-ETBauow1T35Y/WZMkio9jiM0Z5xjHHmJ4XmjZOq1l/dXz3lr2sRn87nJy20RupqSh1F2m3HHPSp8ShIPQJrJ3A==
  dependencies:
    iconv-lite "^0.6.2"

err-code@^2.0.0, err-code@^2.0.3:
  version "2.0.3"
  resolved "https://registry.yarnpkg.com/err-code/-/err-code-2.0.3.tgz#23c2f3b756ffdfc608d30e27c9a941024807e7f9"
  integrity sha512-2bmlRpNKBxT/CRmPOlyISQpNj+qSeYvcym/uT0Jx2bMOlKLtSy1ZmLuVxSEKKyor/N5yhvp/ZiG1oE3DEYMSFA==

es6-promise@^4.2.4:
  version "4.2.8"
  resolved "https://registry.yarnpkg.com/es6-promise/-/es6-promise-4.2.8.tgz#4eb21594c972bc40553d276e510539143db53e0a"
  integrity sha512-HJDGx5daxeIvxdBxvG2cb9g4tEvwIk3i8+nhX0yGrYmZUzbkdg8QbDevheDB8gd0//uPj4c1EQua8Q+MViT0/w==

event-target-shim@^5.0.0:
  version "5.0.1"
  resolved "https://registry.yarnpkg.com/event-target-shim/-/event-target-shim-5.0.1.tgz#5d4d3ebdf9583d63a5333ce2deb7480ab2b05789"
  integrity sha512-i/2XbnSz/uxRCU6+NdVJgKWDTM427+MqYbkQzD321DuCQJUqOuJKIA0IM2+W2xtYHdKOmZ4dR6fExsd4SXL+WQ==

eventsource@^1.0.7:
  version "1.0.7"
  resolved "https://registry.yarnpkg.com/eventsource/-/eventsource-1.0.7.tgz#8fbc72c93fcd34088090bc0a4e64f4b5cee6d8d0"
  integrity sha512-4Ln17+vVT0k8aWq+t/bF5arcS3EpT9gYtW66EPacdj/mAFevznsnyoHLPy2BA8gbIQeIHoPsvwmfBftfcG//BQ==
  dependencies:
    original "^1.0.0"

fast-fifo@^1.0.0:
  version "1.0.0"
  resolved "https://registry.yarnpkg.com/fast-fifo/-/fast-fifo-1.0.0.tgz#9bc72e6860347bb045a876d1c5c0af11e9b984e7"
  integrity sha512-4VEXmjxLj7sbs8J//cn2qhRap50dGzF5n8fjay8mau+Jn4hxSeR3xPFwxMaQq/pDaq7+KQk0PAbC2+nWDkJrmQ==

follow-redirects@1.5.10:
  version "1.5.10"
  resolved "https://registry.yarnpkg.com/follow-redirects/-/follow-redirects-1.5.10.tgz#7b7a9f9aea2fdff36786a94ff643ed07f4ff5e2a"
  integrity sha512-0V5l4Cizzvqt5D44aTXbFZz+FtyXV1vrDN6qrelxtfYQKW0KO0W2T/hkE8xvGa/540LkZlkaUjO4ailYTFtHVQ==
  dependencies:
    debug "=3.1.0"

form-data@^3.0.0:
  version "3.0.0"
  resolved "https://registry.yarnpkg.com/form-data/-/form-data-3.0.0.tgz#31b7e39c85f1355b7139ee0c647cf0de7f83c682"
  integrity sha512-CKMFDglpbMi6PyN+brwB9Q/GOw0eAnsrEZDgcsH5Krhz5Od/haKHAX0NmQfha2zPPz0JpWzA7GJHGSnvCRLWsg==
  dependencies:
    asynckit "^0.4.0"
    combined-stream "^1.0.8"
    mime-types "^2.1.12"

fs-extra@^9.0.1:
  version "9.0.1"
  resolved "https://registry.yarnpkg.com/fs-extra/-/fs-extra-9.0.1.tgz#910da0062437ba4c39fedd863f1675ccfefcb9fc"
  integrity sha512-h2iAoN838FqAFJY2/qVpzFXy+EBxfVE220PalAqQLDVsFOHLJrZvut5puAbCdNv6WJk+B8ihI+k0c7JK5erwqQ==
  dependencies:
    at-least-node "^1.0.0"
    graceful-fs "^4.2.0"
    jsonfile "^6.0.1"
    universalify "^1.0.0"

get-iterator@^1.0.2:
  version "1.0.2"
  resolved "https://registry.yarnpkg.com/get-iterator/-/get-iterator-1.0.2.tgz#cd747c02b4c084461fac14f48f6b45a80ed25c82"
  integrity sha512-v+dm9bNVfOYsY1OrhaCrmyOcYoSeVvbt+hHZ0Au+T+p1y+0Uyj9aMaGIeUTT6xdpRbWzDeYKvfOslPhggQMcsg==

globalthis@^1.0.1:
  version "1.0.1"
  resolved "https://registry.yarnpkg.com/globalthis/-/globalthis-1.0.1.tgz#40116f5d9c071f9e8fb0037654df1ab3a83b7ef9"
  integrity sha512-mJPRTc/P39NH/iNG4mXa9aIhNymaQikTrnspeCa2ZuJ+mH2QN/rXwtX3XwKrHqWgUQFbNZKtHM105aHzJalElw==
  dependencies:
    define-properties "^1.1.3"

graceful-fs@^4.1.6, graceful-fs@^4.2.0:
  version "4.2.4"
  resolved "https://registry.yarnpkg.com/graceful-fs/-/graceful-fs-4.2.4.tgz#2256bde14d3632958c465ebc96dc467ca07a29fb"
  integrity sha512-WjKPNJF79dtJAVniUlGGWHYGz2jWxT6VhN/4m1NdkbZ2nOsEF+cI1Edgql5zCRhs/VsQYRvrXctxktVXZUkixw==

iconv-lite@^0.6.2:
  version "0.6.2"
  resolved "https://registry.yarnpkg.com/iconv-lite/-/iconv-lite-0.6.2.tgz#ce13d1875b0c3a674bd6a04b7f76b01b1b6ded01"
  integrity sha512-2y91h5OpQlolefMPmUlivelittSWy0rP+oYVpn6A7GwVHNE8AWzoYOBNmlwks3LobaJxgHCYZAnyNo2GgpNRNQ==
  dependencies:
    safer-buffer ">= 2.1.2 < 3.0.0"

ieee754@^1.1.13, ieee754@^1.2.1:
  version "1.2.1"
  resolved "https://registry.yarnpkg.com/ieee754/-/ieee754-1.2.1.tgz#8eb7a10a63fff25d15a57b001586d177d1b0d352"
  integrity sha512-dcyqhDvX1C46lXZcVqCpK+FtMRQVdIMN6/Df5js2zouUsqG7I6sFxitIC+7KYK29KdXOLHdu9zL4sFnoVQnqaA==

inherits@^2.0.1, inherits@^2.0.3, inherits@^2.0.4:
  version "2.0.4"
  resolved "https://registry.yarnpkg.com/inherits/-/inherits-2.0.4.tgz#0fa2c64f932917c3433a0ded55363aae37416b7c"
  integrity sha512-k/vGaX4/Yla3WzyMCvTQOXYeIHvqOKtnqBduzTHpzpQZzAskKMhZ2K+EnBiSM9zGSoIFeMpXKxa4dYeZIQqewQ==

ini@^1.3.5:
  version "1.3.8"
  resolved "https://registry.yarnpkg.com/ini/-/ini-1.3.8.tgz#a29da425b48806f34767a4efce397269af28432c"
  integrity sha512-JV/yugV2uzW5iMRSiZAyDtQd+nxtUnjeLt0acNdw98kKLrvuRVyB80tsREOE7yvGVgalhZ6RNXCmEHkUKBKxew==

ip-regex@^4.0.0:
  version "4.2.0"
  resolved "https://registry.yarnpkg.com/ip-regex/-/ip-regex-4.2.0.tgz#a03f5eb661d9a154e3973a03de8b23dd0ad6892e"
  integrity sha512-n5cDDeTWWRwK1EBoWwRti+8nP4NbytBBY0pldmnIkq6Z55KNFmWofh4rl9dPZpj+U/nVq7gweR3ylrvMt4YZ5A==

ipfs-core-utils@^0.5.4:
  version "0.5.4"
  resolved "https://registry.yarnpkg.com/ipfs-core-utils/-/ipfs-core-utils-0.5.4.tgz#c7fa508562086be65cebb51feb13c58abbbd3d8d"
  integrity sha512-V+OHCkqf/263jHU0Fc9Rx/uDuwlz3PHxl3qu6a5ka/mNi6gucbFuI53jWsevCrOOY9giWMLB29RINGmCV5dFeQ==
  dependencies:
    any-signal "^2.0.0"
    blob-to-it "^1.0.1"
    browser-readablestream-to-it "^1.0.1"
    cids "^1.0.0"
    err-code "^2.0.3"
    ipfs-utils "^5.0.0"
    it-all "^1.0.4"
    it-map "^1.0.4"
    it-peekable "^1.0.1"
    multiaddr "^8.0.0"
    multiaddr-to-uri "^6.0.0"
    parse-duration "^0.4.4"
    timeout-abort-controller "^1.1.1"
    uint8arrays "^1.1.0"

ipfs-http-client@^48.1.3:
  version "48.1.3"
  resolved "https://registry.yarnpkg.com/ipfs-http-client/-/ipfs-http-client-48.1.3.tgz#d9b91b1f65d54730de92290d3be5a11ef124b400"
  integrity sha512-+JV4cdMaTvYN3vd4r6+mcVxV3LkJXzc4kn2ToVbObpVpdqmG34ePf1KlvFF8A9gjcel84WpiP5xCEV/IrisPBA==
  dependencies:
    any-signal "^2.0.0"
    bignumber.js "^9.0.0"
    cids "^1.0.0"
    debug "^4.1.1"
    form-data "^3.0.0"
    ipfs-core-utils "^0.5.4"
    ipfs-utils "^5.0.0"
    ipld-block "^0.11.0"
    ipld-dag-cbor "^0.17.0"
    ipld-dag-pb "^0.20.0"
    ipld-raw "^6.0.0"
    it-last "^1.0.4"
    it-map "^1.0.4"
    it-tar "^1.2.2"
    it-to-stream "^0.1.2"
    merge-options "^2.0.0"
    multiaddr "^8.0.0"
    multibase "^3.0.0"
    multicodec "^2.0.1"
    multihashes "^3.0.1"
    nanoid "^3.1.12"
    native-abort-controller "~0.0.3"
    parse-duration "^0.4.4"
    stream-to-it "^0.2.2"
    uint8arrays "^1.1.0"

ipfs-utils@^5.0.0:
  version "5.0.1"
  resolved "https://registry.yarnpkg.com/ipfs-utils/-/ipfs-utils-5.0.1.tgz#7c0053d5e77686f45577257a73905d4523e6b4f7"
  integrity sha512-28KZPgO4Uf5duT2ORLAYfboUp98iUshDD7yRAfbNxNAR8Dtidfn6o20rZfoXnkri2zKBVIPlJkuCPmPJB+6erg==
  dependencies:
    abort-controller "^3.0.0"
    any-signal "^2.1.0"
    buffer "^6.0.1"
    electron-fetch "^1.7.2"
    err-code "^2.0.0"
    fs-extra "^9.0.1"
    is-electron "^2.2.0"
    iso-url "^1.0.0"
    it-glob "0.0.10"
    it-to-stream "^0.1.2"
    merge-options "^2.0.0"
    nanoid "^3.1.3"
    native-abort-controller "0.0.3"
    native-fetch "^2.0.0"
    node-fetch "^2.6.0"
    stream-to-it "^0.2.0"

ipld-block@^0.11.0:
  version "0.11.0"
  resolved "https://registry.yarnpkg.com/ipld-block/-/ipld-block-0.11.0.tgz#71b24b70f4d867b0609a738efa4872ef4df84c7a"
  integrity sha512-Kk56OOPmlWAjXfBJXvx2jX5RA6R9qUrcc2JXwF7Y4IL9mlmxcxTNkgcsJYR78DbyMllQbi7yreghjGjtCTYKaw==
  dependencies:
    cids "^1.0.0"

ipld-dag-cbor@^0.17.0:
  version "0.17.0"
  resolved "https://registry.yarnpkg.com/ipld-dag-cbor/-/ipld-dag-cbor-0.17.0.tgz#760d15515275261d0da6b9d60bc387fb2866f068"
  integrity sha512-YprSTQClJQUyC+RhbWrVXhg7ysII5R/jrmZZ4en4n9Mav+MRbntAW699zd1PHRLB71lNCJbxABE2Uc9QU2Ka7g==
  dependencies:
    borc "^2.1.2"
    cids "^1.0.0"
    is-circular "^1.0.2"
    multicodec "^2.0.0"
    multihashing-async "^2.0.0"
    uint8arrays "^1.0.0"

ipld-dag-pb@^0.20.0:
  version "0.20.0"
  resolved "https://registry.yarnpkg.com/ipld-dag-pb/-/ipld-dag-pb-0.20.0.tgz#025c0343aafe6cb9db395dd1dc93c8c60a669360"
  integrity sha512-zfM0EdaolqNjAxIrtpuGKvXxWk5YtH9jKinBuQGTcngOsWFQhyybGCTJHGNGGtRjHNJi2hz5Udy/8pzv4kcKyg==
  dependencies:
    cids "^1.0.0"
    class-is "^1.1.0"
    multicodec "^2.0.0"
    multihashing-async "^2.0.0"
    protons "^2.0.0"
    reset "^0.1.0"
    run "^1.4.0"
    stable "^0.1.8"
    uint8arrays "^1.0.0"

ipld-raw@^6.0.0:
  version "6.0.0"
  resolved "https://registry.yarnpkg.com/ipld-raw/-/ipld-raw-6.0.0.tgz#74d947fcd2ce4e0e1d5bb650c1b5754ed8ea6da0"
  integrity sha512-UK7fjncAzs59iu/o2kwYtb8jgTtW6B+cNWIiNpAJkfRwqoMk1xD/6i25ktzwe4qO8gQgoR9RxA5ibC23nq8BLg==
  dependencies:
    cids "^1.0.0"
    multicodec "^2.0.0"
    multihashing-async "^2.0.0"

is-circular@^1.0.2:
  version "1.0.2"
  resolved "https://registry.yarnpkg.com/is-circular/-/is-circular-1.0.2.tgz#2e0ab4e9835f4c6b0ea2b9855a84acd501b8366c"
  integrity sha512-YttjnrswnUYRVJvxCvu8z+PGMUSzC2JttP0OEXezlAEdp3EXzhf7IZ3j0gRAybJBQupedIZFhY61Tga6E0qASA==

is-electron@^2.2.0:
  version "2.2.0"
  resolved "https://registry.yarnpkg.com/is-electron/-/is-electron-2.2.0.tgz#8943084f09e8b731b3a7a0298a7b5d56f6b7eef0"
  integrity sha512-SpMppC2XR3YdxSzczXReBjqs2zGscWQpBIKqwXYBFic0ERaxNVgwLCHwOLZeESfdJQjX0RDvrJ1lBXX2ij+G1Q==

is-ip@^3.1.0:
  version "3.1.0"
  resolved "https://registry.yarnpkg.com/is-ip/-/is-ip-3.1.0.tgz#2ae5ddfafaf05cb8008a62093cf29734f657c5d8"
  integrity sha512-35vd5necO7IitFPjd/YBeqwWnyDWbuLH9ZXQdMfDA8TEo7pv5X8yfrvVO3xbJbLUlERCMvf6X0hTUamQxCYJ9Q==
  dependencies:
    ip-regex "^4.0.0"

is-plain-obj@^2.0.0:
  version "2.1.0"
  resolved "https://registry.yarnpkg.com/is-plain-obj/-/is-plain-obj-2.1.0.tgz#45e42e37fccf1f40da8e5f76ee21515840c09287"
  integrity sha512-YWnfyRwxL/+SsrWYfOpUtz5b3YD+nyfkHvjbcanzk8zgyO4ASD67uVMRt8k5bM4lLMDnXfriRhOpemw+NfT1eA==

iso-constants@^0.1.2:
  version "0.1.2"
  resolved "https://registry.yarnpkg.com/iso-constants/-/iso-constants-0.1.2.tgz#3d2456ed5aeaa55d18564f285ba02a47a0d885b4"
  integrity sha512-OTCM5ZCQsHBCI4Wdu4tSxvDIkmDHd5EwJDps5mKqnQnWJSKlnwMs3EDZ4n3Fh1tmkWkDlyd2vCDbEYuPbyrUNQ==

iso-url@^1.0.0:
  version "1.0.0"
  resolved "https://registry.yarnpkg.com/iso-url/-/iso-url-1.0.0.tgz#2dd32e5915eb0ecca3a6ff419eb35a0c60eeabc8"
  integrity sha512-n/MsHgKOoHcFrhsxfbM3aaSdUujoFrrZ3537p3RW80AL7axL36acCseoMwIW4tNOl0n0SnkzNyVh4bREwmHoPQ==

iso-url@~0.4.7:
  version "0.4.7"
  resolved "https://registry.yarnpkg.com/iso-url/-/iso-url-0.4.7.tgz#de7e48120dae46921079fe78f325ac9e9217a385"
  integrity sha512-27fFRDnPAMnHGLq36bWTpKET+eiXct3ENlCcdcMdk+mjXrb2kw3mhBUg1B7ewAC0kVzlOPhADzQgz1SE6Tglog==

it-all@^1.0.4:
  version "1.0.4"
  resolved "https://registry.yarnpkg.com/it-all/-/it-all-1.0.4.tgz#5a1aac996e2516c0d030911a631190b330afdb6d"
  integrity sha512-7K+gjHHzZ7t+bCkrtulYiow35k3UgqH7miC+iUa9RGiyDRXJ6hVDeFsDrnWrlscjrkLFOJRKHxNOke4FNoQnhw==

it-concat@^1.0.0:
  version "1.0.2"
  resolved "https://registry.yarnpkg.com/it-concat/-/it-concat-1.0.2.tgz#7229fedb935bcf7b2fcac23e040e7588b34143e6"
  integrity sha512-YZtXOe10qBcTDOsz59AscfmsKRoVPYX5AFxCans2L/QL20Jah1H1/+wzWDaJj8zu0KiA9gys3vBoZIZwhsUeeg==
  dependencies:
    bl "^4.0.0"

it-glob@0.0.10:
  version "0.0.10"
  resolved "https://registry.yarnpkg.com/it-glob/-/it-glob-0.0.10.tgz#4defd9286f693847c3ff483d2ff65f22e1359ad8"
  integrity sha512-p1PR15djgPV7pxdLOW9j4WcJdla8+91rJdUU2hU2Jm68vkxpIEXK55VHBeH8Lvqh2vqLtM83t8q4BuJxue6niA==
  dependencies:
    fs-extra "^9.0.1"
    minimatch "^3.0.4"

it-last@^1.0.4:
  version "1.0.4"
  resolved "https://registry.yarnpkg.com/it-last/-/it-last-1.0.4.tgz#4009aac79ee76e3417443c6c1dfb64cd380e9e5b"
  integrity sha512-h0aV43BaD+1nubAKwStWcda6vlbejPSTQKfOrQvyNrrceluWfoq8DrBXnL0PSz6RkyHSiVSHtAEaqUijYMPo8Q==

it-map@^1.0.4:
  version "1.0.4"
  resolved "https://registry.yarnpkg.com/it-map/-/it-map-1.0.4.tgz#d413d2b0c3d8d9703df9e8a915ad96cb74a837ac"
  integrity sha512-LZgYdb89XMo8cFUp6jF0cn5j3gF7wcZnKRVFS3qHHn0bPB2rpToh2vIkTBKduZLZxRRjWx1VW/udd98x+j2ulg==

it-peekable@^1.0.1:
  version "1.0.1"
  resolved "https://registry.yarnpkg.com/it-peekable/-/it-peekable-1.0.1.tgz#7e2c485164a37618cb546e8809ae660bb38ed84b"
  integrity sha512-civpIsgG1N+nYXNhm4Qzb9S89QZOfn4M6wVpH9IIilkJ9UFcDElWQuO1qmjXkdm3M5yg5fk+blW0aSCmu4SGlA==

it-reader@^2.0.0:
  version "2.1.0"
  resolved "https://registry.yarnpkg.com/it-reader/-/it-reader-2.1.0.tgz#b1164be343f8538d8775e10fb0339f61ccf71b0f"
  integrity sha512-hSysqWTO9Tlwc5EGjVf8JYZzw0D2FsxD/g+eNNWrez9zODxWt6QlN6JAMmycK72Mv4jHEKEXoyzUN4FYGmJaZw==
  dependencies:
    bl "^4.0.0"

it-tar@^1.2.2:
  version "1.2.2"
  resolved "https://registry.yarnpkg.com/it-tar/-/it-tar-1.2.2.tgz#8d79863dad27726c781a4bcc491f53c20f2866cf"
  integrity sha512-M8V4a9I+x/vwXTjqvixcEZbQZHjwDIb8iUQ+D4M2QbhAdNs3WKVSl+45u5/F2XFx6jYMFOGzMVlKNK/uONgNIA==
  dependencies:
    bl "^4.0.0"
    buffer "^5.4.3"
    iso-constants "^0.1.2"
    it-concat "^1.0.0"
    it-reader "^2.0.0"
    p-defer "^3.0.0"

it-to-stream@^0.1.2:
  version "0.1.2"
  resolved "https://registry.yarnpkg.com/it-to-stream/-/it-to-stream-0.1.2.tgz#7163151f75b60445e86b8ab1a968666acaacfe7b"
  integrity sha512-DTB5TJRZG3untmZehcaFN0kGWl2bNv7tnJRgQHAO9QEt8jfvVRrebZtnD5NZd4SCj4WVPjl0LSrugNWE/UaZRQ==
  dependencies:
    buffer "^5.6.0"
    fast-fifo "^1.0.0"
    get-iterator "^1.0.2"
    p-defer "^3.0.0"
    p-fifo "^1.0.0"
    readable-stream "^3.6.0"

js-sha3@^0.8.0:
  version "0.8.0"
  resolved "https://registry.yarnpkg.com/js-sha3/-/js-sha3-0.8.0.tgz#b9b7a5da73afad7dedd0f8c463954cbde6818840"
  integrity sha512-gF1cRrHhIzNfToc802P800N8PpXS+evLLXfsVpowqmAFR9uwbi89WvXg2QspOmXL8QL86J4T1EpFu+yUkwJY3Q==

js-xdr@^1.1.3:
  version "1.2.0"
  resolved "https://registry.yarnpkg.com/js-xdr/-/js-xdr-1.2.0.tgz#aa428a69eb3ddb7ad1ecba92838808bc2f579a97"
  integrity sha512-ziYlgwMofC0QK2K9M4Pwl3NNyfB5ObZxd86+vl2cWOxAVRhtB1xDnBV9nCxnA105c+lf3lfM0tvNtdm+FRpZOA==
  dependencies:
    cursor "^0.1.5"
    lodash "^4.17.5"
    long "^2.2.3"

json-text-sequence@~0.1.0:
  version "0.1.1"
  resolved "https://registry.yarnpkg.com/json-text-sequence/-/json-text-sequence-0.1.1.tgz#a72f217dc4afc4629fff5feb304dc1bd51a2f3d2"
  integrity sha1-py8hfcSvxGKf/1/rME3BvVGi89I=
  dependencies:
    delimit-stream "0.1.0"

jsonfile@^6.0.1:
  version "6.1.0"
  resolved "https://registry.yarnpkg.com/jsonfile/-/jsonfile-6.1.0.tgz#bc55b2634793c679ec6403094eb13698a6ec0aae"
  integrity sha512-5dgndWOriYSm5cnYaJNhalLNDKOqFwyDB/rr1E9ZsGciGvKPs8R2xYGCacuf3z6K1YKDz182fd+fY3cn3pMqXQ==
  dependencies:
    universalify "^2.0.0"
  optionalDependencies:
    graceful-fs "^4.1.6"

lodash@^4.17.11, lodash@^4.17.5:
  version "4.17.20"
  resolved "https://registry.yarnpkg.com/lodash/-/lodash-4.17.20.tgz#b44a9b6297bcb698f1c51a3545a2b3b368d59c52"
  integrity sha512-PlhdFcillOINfeV7Ni6oF1TAEayyZBoZ8bcshTHqOYJYlrqzRK5hagpagky5o4HfCzzd1TRkXPMFq6cKk9rGmA==

long@^2.2.3:
  version "2.4.0"
  resolved "https://registry.yarnpkg.com/long/-/long-2.4.0.tgz#9fa180bb1d9500cdc29c4156766a1995e1f4524f"
  integrity sha1-n6GAux2VAM3CnEFWdmoZleH0Uk8=

make-error@^1.1.1:
  version "1.3.6"
  resolved "https://registry.yarnpkg.com/make-error/-/make-error-1.3.6.tgz#2eb2e37ea9b67c4891f684a1394799af484cf7a2"
  integrity sha512-s8UhlNe7vPKomQhC1qFelMokr/Sc3AgNbso3n74mVPA5LTZwkB9NlXf4XPamLxJE8h0gh73rM94xvwRT2CVInw==

merge-options@^2.0.0:
  version "2.0.0"
  resolved "https://registry.yarnpkg.com/merge-options/-/merge-options-2.0.0.tgz#36ca5038badfc3974dbde5e58ba89d3df80882c3"
  integrity sha512-S7xYIeWHl2ZUKF7SDeBhGg6rfv5bKxVBdk95s/I7wVF8d+hjLSztJ/B271cnUiF6CAFduEQ5Zn3HYwAjT16DlQ==
  dependencies:
    is-plain-obj "^2.0.0"

mime-db@1.44.0:
  version "1.44.0"
  resolved "https://registry.yarnpkg.com/mime-db/-/mime-db-1.44.0.tgz#fa11c5eb0aca1334b4233cb4d52f10c5a6272f92"
  integrity sha512-/NOTfLrsPBVeH7YtFPgsVWveuL+4SjjYxaQ1xtM1KMFj7HdxlBlxeyNLzhyJVx7r4rZGJAZ/6lkKCitSc/Nmpg==

mime-types@^2.1.12:
  version "2.1.27"
  resolved "https://registry.yarnpkg.com/mime-types/-/mime-types-2.1.27.tgz#47949f98e279ea53119f5722e0f34e529bec009f"
  integrity sha512-JIhqnCasI9yD+SsmkquHBxTSEuZdQX5BuQnS2Vc7puQQQ+8yiP5AY5uWhpdv4YL4VM5c6iliiYWPgJ/nJQLp7w==
  dependencies:
    mime-db "1.44.0"

minimatch@*, minimatch@^3.0.4:
  version "3.0.4"
  resolved "https://registry.yarnpkg.com/minimatch/-/minimatch-3.0.4.tgz#5166e286457f03306064be5497e8dbb0c3d32083"
  integrity sha512-yJHVQEhyqPLUTgt9B83PXu6W3rx4MvvHvSUvToogpwoGDOUQ+yDrR0HRot+yOCdCO7u4hX3pWft6kWBBcqh0UA==
  dependencies:
    brace-expansion "^1.1.7"

ms@2.0.0:
  version "2.0.0"
  resolved "https://registry.yarnpkg.com/ms/-/ms-2.0.0.tgz#5608aeadfc00be6c2901df5f9861788de0d597c8"
  integrity sha1-VgiurfwAvmwpAd9fmGF4jeDVl8g=

ms@2.1.2:
  version "2.1.2"
  resolved "https://registry.yarnpkg.com/ms/-/ms-2.1.2.tgz#d09d1f357b443f493382a8eb3ccd183872ae6009"
  integrity sha512-sGkPx+VjMtmA6MX27oA4FBFELFCZZ4S4XqeGOXCv68tT+jb3vk/RyaKWP0PTKyWtmLSM0b+adUTEvbs1PEaH2w==

ms@^2.1.1:
  version "2.1.3"
  resolved "https://registry.yarnpkg.com/ms/-/ms-2.1.3.tgz#574c8138ce1d2b5861f0b44579dbadd60c6615b2"
  integrity sha512-6FlzubTLZG3J2a/NVCAleEhjzq5oxgHyaCU9yYXvcLsvoVaHJq/s5xXI6/XXP6tz7R9xAOtHnSO/tXtF3WRTlA==

multiaddr-to-uri@^6.0.0:
  version "6.0.0"
  resolved "https://registry.yarnpkg.com/multiaddr-to-uri/-/multiaddr-to-uri-6.0.0.tgz#8f08a75c6eeb2370d5d24b77b8413e3f0fa9bcc0"
  integrity sha512-OjpkVHOXEmIKMO8WChzzQ7aZQcSQX8squxmvtDbRpy7/QNmJ3Z7jv6qyD74C28QtaeNie8O8ngW2AkeiMmKP7A==
  dependencies:
    multiaddr "^8.0.0"

multiaddr@^8.0.0:
  version "8.1.2"
  resolved "https://registry.yarnpkg.com/multiaddr/-/multiaddr-8.1.2.tgz#74060ff8636ba1c01b2cf0ffd53950b852fa9b1f"
  integrity sha512-r13IzW8+Sv9zab9Gt8RPMIN2WkptIPq99EpAzg4IbJ/zTELhiEwXWr9bAmEatSCI4j/LSA6ESJzvz95JZ+ZYXQ==
  dependencies:
    cids "^1.0.0"
    class-is "^1.1.0"
    dns-over-http-resolver "^1.0.0"
    err-code "^2.0.3"
    is-ip "^3.1.0"
    multibase "^3.0.0"
    uint8arrays "^1.1.0"
    varint "^5.0.0"

multibase@^3.0.0, multibase@^3.0.1, multibase@^3.1.0:
  version "3.1.0"
  resolved "https://registry.yarnpkg.com/multibase/-/multibase-3.1.0.tgz#2999aebbd34b3fa85cd5a9d42babc6031aeccafe"
  integrity sha512-Z+pThrpbS7ckQ2DwW5mPiwCGe1a94f8DWi/OxmbyeRednVOyUKmLSE+60kL/WHFYwWnaD1OakXGk3PYI1NkMFw==
  dependencies:
    "@multiformats/base-x" "^4.0.1"
    web-encoding "^1.0.4"

multicodec@^2.0.0, multicodec@^2.0.1, multicodec@^2.1.0:
  version "2.1.0"
  resolved "https://registry.yarnpkg.com/multicodec/-/multicodec-2.1.0.tgz#b66dff2184e91e74ac68981e0deba2591bbf1f87"
  integrity sha512-7AYpK/avswOWvnqQ9/jOkQCS7Fp4aKxw5ojvn5gyK2VQTZz3YVXeLMzoIZDBy745JSfJMXkTS0ptnHci5Mt1mA==
  dependencies:
    uint8arrays "1.1.0"
    varint "^6.0.0"

multihashes@^3.0.1:
  version "3.1.0"
  resolved "https://registry.yarnpkg.com/multihashes/-/multihashes-3.1.0.tgz#aada18fc55169ae044c3455e2264024bd00f5690"
  integrity sha512-snU+w6aZy5bTrrqIHW3wkT0MfHmxcpOsaVNJt0NzUnseksbjFDVUZjSmhDMAVOVnIdLMS7xHjo55pKlBIGmC3g==
  dependencies:
    multibase "^3.1.0"
    uint8arrays "^1.0.0"
    varint "^6.0.0"

multihashing-async@^2.0.0:
  version "2.0.1"
  resolved "https://registry.yarnpkg.com/multihashing-async/-/multihashing-async-2.0.1.tgz#cc50e05e88b02ed0a2d8a9518d8a6cf1fcf12aa1"
  integrity sha512-LZcH8PqW4iEKymaJ3RpsgpSJhXF29kAvO02ccqbysiXkQhZpVce8rrg+vzRKWO89hhyIBnQHI2e/ZoRVxmiJ2Q==
  dependencies:
    blakejs "^1.1.0"
    err-code "^2.0.0"
    js-sha3 "^0.8.0"
    multihashes "^3.0.1"
    murmurhash3js-revisited "^3.0.0"
    uint8arrays "^1.0.0"

murmurhash3js-revisited@^3.0.0:
  version "3.0.0"
  resolved "https://registry.yarnpkg.com/murmurhash3js-revisited/-/murmurhash3js-revisited-3.0.0.tgz#6bd36e25de8f73394222adc6e41fa3fac08a5869"
  integrity sha512-/sF3ee6zvScXMb1XFJ8gDsSnY+X8PbOyjIuBhtgis10W2Jx4ZjIhikUCIF9c4gpJxVnQIsPAFrSwTCuAjicP6g==

nan@^2.14.0:
  version "2.14.2"
  resolved "https://registry.yarnpkg.com/nan/-/nan-2.14.2.tgz#f5376400695168f4cc694ac9393d0c9585eeea19"
  integrity sha512-M2ufzIiINKCuDfBSAUr1vWQ+vuVcA9kqx8JJUsbQi6yf1uGRyb7HfpdfUr5qLXf3B/t8dPvcjhKMmlfnP47EzQ==

nanoid@^3.1.12, nanoid@^3.1.3:
  version "3.1.20"
  resolved "https://registry.yarnpkg.com/nanoid/-/nanoid-3.1.20.tgz#badc263c6b1dcf14b71efaa85f6ab4c1d6cfc788"
  integrity sha512-a1cQNyczgKbLX9jwbS/+d7W8fX/RfgYR7lVWwWOGIPNgK2m0MWvrGF6/m4kk6U3QcFMnZf3RIhL0v2Jgh/0Uxw==

native-abort-controller@0.0.3, native-abort-controller@~0.0.3:
  version "0.0.3"
  resolved "https://registry.yarnpkg.com/native-abort-controller/-/native-abort-controller-0.0.3.tgz#4c528a6c9c7d3eafefdc2c196ac9deb1a5edf2f8"
  integrity sha512-YIxU5nWqSHG1Xbu3eOu3pdFRD882ivQpIcu6AiPVe2oSVoRbfYW63DVkZm3g1gHiMtZSvZzF6THSzTGEBYl8YA==
  dependencies:
    globalthis "^1.0.1"

native-fetch@^2.0.0, native-fetch@^2.0.1:
  version "2.0.1"
  resolved "https://registry.yarnpkg.com/native-fetch/-/native-fetch-2.0.1.tgz#319d53741a7040def92d5dc8ea5fe9416b1fad89"
  integrity sha512-gv4Bea+ga9QdXINurpkEqun3ap3vnB+WYoe4c8ddqUYEH7B2h6iD39RF8uVN7OwmSfMY3RDxkvBnoI4e2/vLXQ==
  dependencies:
    globalthis "^1.0.1"

node-fetch@^2.6.0:
  version "2.6.1"
  resolved "https://registry.yarnpkg.com/node-fetch/-/node-fetch-2.6.1.tgz#045bd323631f76ed2e2b55573394416b639a0052"
  integrity sha512-V4aYg89jEoVRxRb2fJdAg8FHvI7cEyYdVAh94HH0UIK8oJxUfkjlDQN9RbMx+bEjP7+ggMiFRprSti032Oipxw==

node-gyp-build@^4.1.0:
  version "4.2.3"
  resolved "https://registry.yarnpkg.com/node-gyp-build/-/node-gyp-build-4.2.3.tgz#ce6277f853835f718829efb47db20f3e4d9c4739"
  integrity sha512-MN6ZpzmfNCRM+3t57PTJHgHyw/h4OWnZ6mR8P5j/uZtqQr46RRuDE/P+g3n0YR/AiYXeWixZZzaip77gdICfRg==

object-keys@^1.0.12:
  version "1.1.1"
  resolved "https://registry.yarnpkg.com/object-keys/-/object-keys-1.1.1.tgz#1c47f272df277f3b1daf061677d9c82e2322c60e"
  integrity sha512-NuAESUOUMrlIXOfHKzD6bpPu3tYt3xvjNdRIQ+FeT0lNb4K8WR70CaDxhuNguS2XG+GjkyMwOzsN5ZktImfhLA==

original@^1.0.0:
  version "1.0.2"
  resolved "https://registry.yarnpkg.com/original/-/original-1.0.2.tgz#e442a61cffe1c5fd20a65f3261c26663b303f25f"
  integrity sha512-hyBVl6iqqUOJ8FqRe+l/gS8H+kKYjrEndd5Pm1MfBtsEKA038HkkdbAl/72EAXGyonD/PFsvmVG+EvcIpliMBg==
  dependencies:
    url-parse "^1.4.3"

p-defer@^3.0.0:
  version "3.0.0"
  resolved "https://registry.yarnpkg.com/p-defer/-/p-defer-3.0.0.tgz#d1dceb4ee9b2b604b1d94ffec83760175d4e6f83"
  integrity sha512-ugZxsxmtTln604yeYd29EGrNhazN2lywetzpKhfmQjW/VJmhpDmWbiX+h0zL8V91R0UXkhb3KtPmyq9PZw3aYw==

p-fifo@^1.0.0:
  version "1.0.0"
  resolved "https://registry.yarnpkg.com/p-fifo/-/p-fifo-1.0.0.tgz#e29d5cf17c239ba87f51dde98c1d26a9cfe20a63"
  integrity sha512-IjoCxXW48tqdtDFz6fqo5q1UfFVjjVZe8TC1QRflvNUJtNfCUhxOUw6MOVZhDPjqhSzc26xKdugsO17gmzd5+A==
  dependencies:
    fast-fifo "^1.0.0"
    p-defer "^3.0.0"

parse-duration@^0.4.4:
  version "0.4.4"
  resolved "https://registry.yarnpkg.com/parse-duration/-/parse-duration-0.4.4.tgz#11c0f51a689e97d06c57bd772f7fda7dc013243c"
  integrity sha512-KbAJuYGUhZkB9gotDiKLnZ7Z3VTacK3fgwmDdB6ZVDtJbMBT6MfLga0WJaYpPDu0mzqT0NgHtHDt5PY4l0nidg==

protocol-buffers-schema@^3.3.1:
  version "3.4.0"
  resolved "https://registry.yarnpkg.com/protocol-buffers-schema/-/protocol-buffers-schema-3.4.0.tgz#2f0ea31ca96627d680bf2fefae7ebfa2b6453eae"
  integrity sha512-G/2kcamPF2S49W5yaMGdIpkG6+5wZF0fzBteLKgEHjbNzqjZQ85aAs1iJGto31EJaSTkNvHs5IXuHSaTLWBAiA==

protons@^2.0.0:
  version "2.0.0"
  resolved "https://registry.yarnpkg.com/protons/-/protons-2.0.0.tgz#a6910161f0ed0f3a9007c1503acda7a402023cd8"
  integrity sha512-BTrE9D6/d1NGis+0D8TqAO1THdn4evHQhfjapA0NUaRH4+ecJJcbqaF7TE/DKv5czE9VB/TeOllBOmCyJhHnhg==
  dependencies:
    protocol-buffers-schema "^3.3.1"
    signed-varint "^2.0.1"
    uint8arrays "^1.0.0"
    varint "^5.0.0"

querystringify@^2.1.1:
  version "2.2.0"
  resolved "https://registry.yarnpkg.com/querystringify/-/querystringify-2.2.0.tgz#3345941b4153cb9d082d8eee4cda2016a9aef7f6"
  integrity sha512-FIqgj2EUvTa7R50u0rGsyTftzjYmv/a3hO345bZNrqabNqjtgiDMgmo4mkUjd+nzU5oF3dClKqFIPUKybUyqoQ==

randombytes@^2.1.0:
  version "2.1.0"
  resolved "https://registry.yarnpkg.com/randombytes/-/randombytes-2.1.0.tgz#df6f84372f0270dc65cdf6291349ab7a473d4f2a"
  integrity sha512-vYl3iOX+4CKUWuxGi9Ukhie6fsqXqS9FE2Zaic4tNFD2N2QQaXOMFbuKK4QmDHC0JO6B1Zp41J0LpT0oR68amQ==
  dependencies:
    safe-buffer "^5.1.0"

readable-stream@^3.4.0, readable-stream@^3.6.0:
  version "3.6.0"
  resolved "https://registry.yarnpkg.com/readable-stream/-/readable-stream-3.6.0.tgz#337bbda3adc0706bd3e024426a286d4b4b2c9198"
  integrity sha512-BViHy7LKeTz4oNnkcLJ+lVSL6vpiFeX6/d3oSH8zCW7UxP2onchk+vTGB143xuFjHS3deTgkKoXXymXqymiIdA==
  dependencies:
    inherits "^2.0.3"
    string_decoder "^1.1.1"
    util-deprecate "^1.0.1"

receptacle@^1.3.2:
  version "1.3.2"
  resolved "https://registry.yarnpkg.com/receptacle/-/receptacle-1.3.2.tgz#a7994c7efafc7a01d0e2041839dab6c4951360d2"
  integrity sha512-HrsFvqZZheusncQRiEE7GatOAETrARKV/lnfYicIm8lbvp/JQOdADOfhjBd2DajvoszEyxSM6RlAAIZgEoeu/A==
  dependencies:
    ms "^2.1.1"

requires-port@^1.0.0:
  version "1.0.0"
  resolved "https://registry.yarnpkg.com/requires-port/-/requires-port-1.0.0.tgz#925d2601d39ac485e091cf0da5c6e694dc3dcaff"
  integrity sha1-kl0mAdOaxIXgkc8NpcbmlNw9yv8=

reset@^0.1.0:
  version "0.1.0"
  resolved "https://registry.yarnpkg.com/reset/-/reset-0.1.0.tgz#9fc7314171995ae6cb0b7e58b06ce7522af4bafb"
  integrity sha1-n8cxQXGZWubLC35YsGznUir0uvs=

retimer@^2.0.0:
  version "2.0.0"
  resolved "https://registry.yarnpkg.com/retimer/-/retimer-2.0.0.tgz#e8bd68c5e5a8ec2f49ccb5c636db84c04063bbca"
  integrity sha512-KLXY85WkEq2V2bKex/LOO1ViXVn2KGYe4PYysAdYdjmraYIUsVkXu8O4am+8+5UbaaGl1qho4aqAAPHNQ4GSbg==

run@^1.4.0:
  version "1.4.0"
  resolved "https://registry.yarnpkg.com/run/-/run-1.4.0.tgz#e17d9e9043ab2fe17776cb299e1237f38f0b4ffa"
  integrity sha1-4X2ekEOrL+F3dsspnhI3848LT/o=
  dependencies:
    minimatch "*"

safe-buffer@^5.0.1, safe-buffer@^5.1.0, safe-buffer@~5.2.0:
  version "5.2.1"
  resolved "https://registry.yarnpkg.com/safe-buffer/-/safe-buffer-5.2.1.tgz#1eaf9fa9bdb1fdd4ec75f58f9cdb4e6b7827eec6"
  integrity sha512-rp3So07KcdmmKbGvgaNxQSJr7bGVSVk5S9Eq1F+ppbRo70+YeaDxkw5Dd8NPN+GD6bjnYm2VuPuCXmpuYvmCXQ==

"safer-buffer@>= 2.1.2 < 3.0.0":
  version "2.1.2"
  resolved "https://registry.yarnpkg.com/safer-buffer/-/safer-buffer-2.1.2.tgz#44fa161b0187b9549dd84bb91802f9bd8385cd6a"
  integrity sha512-YZo3K82SD7Riyi0E1EQPojLz7kpepnSQI9IyPbHHg1XXXevb5dJI7tpyN2ADxGcQbHG7vcyRHk0cbwqcQriUtg==

sha.js@^2.3.6:
  version "2.4.11"
  resolved "https://registry.yarnpkg.com/sha.js/-/sha.js-2.4.11.tgz#37a5cf0b81ecbc6943de109ba2960d1b26584ae7"
  integrity sha512-QMEp5B7cftE7APOjk5Y6xgrbWu+WkLVQwk8JNjZ8nKRciZaByEW6MubieAiToS7+dwvrjGhH8jRXz3MVd0AYqQ==
  dependencies:
    inherits "^2.0.1"
    safe-buffer "^5.0.1"

signed-varint@^2.0.1:
  version "2.0.1"
  resolved "https://registry.yarnpkg.com/signed-varint/-/signed-varint-2.0.1.tgz#50a9989da7c98c2c61dad119bc97470ef8528129"
  integrity sha1-UKmYnafJjCxh2tEZvJdHDvhSgSk=
  dependencies:
    varint "~5.0.0"

sodium-native@^2.3.0:
  version "2.4.9"
  resolved "https://registry.yarnpkg.com/sodium-native/-/sodium-native-2.4.9.tgz#7a7beb997efdbd2c773a385fb959f0cead5f5162"
  integrity sha512-mbkiyA2clyfwAyOFIzMvsV6ny2KrKEIhFVASJxWfsmgfUEymgLIS2MLHHcGIQMkrcKhPErRaMR5Dzv0EEn+BWg==
  dependencies:
    ini "^1.3.5"
    nan "^2.14.0"
    node-gyp-build "^4.1.0"

source-map-support@^0.5.17:
  version "0.5.19"
  resolved "https://registry.yarnpkg.com/source-map-support/-/source-map-support-0.5.19.tgz#a98b62f86dcaf4f67399648c085291ab9e8fed61"
  integrity sha512-Wonm7zOCIJzBGQdB+thsPar0kYuCIzYvxZwlBa87yi/Mdjv7Tip2cyVbLj5o0cFPN4EVkuTwb3GDDyUx2DGnGw==
  dependencies:
    buffer-from "^1.0.0"
    source-map "^0.6.0"

source-map@^0.6.0:
  version "0.6.1"
  resolved "https://registry.yarnpkg.com/source-map/-/source-map-0.6.1.tgz#74722af32e9614e9c287a8d0bbde48b5e2f1a263"
  integrity sha512-UjgapumWlbMhkBgzT7Ykc5YXUT46F0iKu8SGXq0bcwP5dz/h0Plj6enJqjz1Zbq2l5WaqYnrVbwWOWMyF3F47g==

stable@^0.1.8:
  version "0.1.8"
  resolved "https://registry.yarnpkg.com/stable/-/stable-0.1.8.tgz#836eb3c8382fe2936feaf544631017ce7d47a3cf"
  integrity sha512-ji9qxRnOVfcuLDySj9qzhGSEFVobyt1kIOSkj1qZzYLzq7Tos/oUUWvotUPQLlrsidqsK6tBH89Bc9kL5zHA6w==

stellar-base@^4.0.0:
  version "4.0.3"
  resolved "https://registry.yarnpkg.com/stellar-base/-/stellar-base-4.0.3.tgz#03a55fd8ebbd32804d94e87f41bdc56af2a6747b"
  integrity sha512-Tf1Ko86j4CgUtaiTC6H6qPZ97EziXN6SVokH4FGv5+XvBhFg4V+u9ySMlgPjFbHQumplkHiw8JQx1IZRHnrT3A==
  dependencies:
    base32.js "^0.1.0"
    bignumber.js "^4.0.0"
    crc "^3.5.0"
    js-xdr "^1.1.3"
    lodash "^4.17.11"
    sha.js "^2.3.6"
    tweetnacl "^1.0.0"
  optionalDependencies:
    sodium-native "^2.3.0"

stellar-sdk@^7.0.0:
  version "7.0.0"
  resolved "https://registry.yarnpkg.com/stellar-sdk/-/stellar-sdk-7.0.0.tgz#9f4a8fbd5bd6c9be180872b13d1e0b6ada3ef5c8"
  integrity sha512-90hGtqs4W79CFs2SoRtlNC03LysbSZa0UI/msEckQstFnuDzfTxh0GXaN/9EU9OmCE9F13hCIb+E/LBLlPNeHg==
  dependencies:
    "@types/eventsource" "^1.1.2"
    "@types/node" ">= 8"
    "@types/randombytes" "^2.0.0"
    "@types/urijs" "^1.19.6"
    axios "^0.19.0"
    bignumber.js "^4.0.0"
    detect-node "^2.0.4"
    es6-promise "^4.2.4"
    eventsource "^1.0.7"
    lodash "^4.17.11"
    randombytes "^2.1.0"
    stellar-base "^4.0.0"
    toml "^2.3.0"
    tslib "^1.10.0"
    urijs "^1.19.1"
    utility-types "^3.7.0"

stream-to-it@^0.2.0, stream-to-it@^0.2.2:
  version "0.2.2"
  resolved "https://registry.yarnpkg.com/stream-to-it/-/stream-to-it-0.2.2.tgz#fb3de7917424c354a987c7bc2aab2d0facbd7d94"
  integrity sha512-waULBmQpVdr6TkDzci6t1P7dIaSZ0bHC1TaPXDUeJC5PpSK7U3T0H0Zeo/LWUnd6mnhXOmGGDKAkjUCHw5IOng==
  dependencies:
    get-iterator "^1.0.2"

string_decoder@^1.1.1:
  version "1.3.0"
  resolved "https://registry.yarnpkg.com/string_decoder/-/string_decoder-1.3.0.tgz#42f114594a46cf1a8e30b0a84f56c78c3edac21e"
  integrity sha512-hkRX8U1WjJFd8LsDJ2yQ/wWWxaopEsABU1XfkM8A+j0+85JAGppt16cr1Whg6KIbb4okU6Mql6BOj+uup/wKeA==
  dependencies:
    safe-buffer "~5.2.0"

timeout-abort-controller@^1.1.1:
  version "1.1.1"
  resolved "https://registry.yarnpkg.com/timeout-abort-controller/-/timeout-abort-controller-1.1.1.tgz#2c3c3c66f13c783237987673c276cbd7a9762f29"
  integrity sha512-BsF9i3NAJag6T0ZEjki9j654zoafI2X6ayuNd6Tp8+Ul6Tr5s4jo973qFeiWrRSweqvskC+AHDKUmIW4b7pdhQ==
  dependencies:
    abort-controller "^3.0.0"
    retimer "^2.0.0"

toml@^2.3.0:
  version "2.3.6"
  resolved "https://registry.yarnpkg.com/toml/-/toml-2.3.6.tgz#25b0866483a9722474895559088b436fd11f861b"
  integrity sha512-gVweAectJU3ebq//Ferr2JUY4WKSDe5N+z0FvjDncLGyHmIDoxgY/2Ie4qfEIDm4IS7OA6Rmdm7pdEEdMcV/xQ==

ts-node@^9.1.1:
  version "9.1.1"
  resolved "https://registry.yarnpkg.com/ts-node/-/ts-node-9.1.1.tgz#51a9a450a3e959401bda5f004a72d54b936d376d"
  integrity sha512-hPlt7ZACERQGf03M253ytLY3dHbGNGrAq9qIHWUY9XHYl1z7wYngSr3OQ5xmui8o2AaxsONxIzjafLUiWBo1Fg==
  dependencies:
    arg "^4.1.0"
    create-require "^1.1.0"
    diff "^4.0.1"
    make-error "^1.1.1"
    source-map-support "^0.5.17"
    yn "3.1.1"

tslib@^1.10.0:
  version "1.14.1"
  resolved "https://registry.yarnpkg.com/tslib/-/tslib-1.14.1.tgz#cf2d38bdc34a134bcaf1091c41f6619e2f672d00"
  integrity sha512-Xni35NKzjgMrwevysHTCArtLDpPvye8zV/0E4EyYn43P7/7qvQwPh9BGkHewbMulVntbigmcT7rdX3BNo9wRJg==

tweetnacl@^1.0.0:
  version "1.0.3"
  resolved "https://registry.yarnpkg.com/tweetnacl/-/tweetnacl-1.0.3.tgz#ac0af71680458d8a6378d0d0d050ab1407d35596"
  integrity sha512-6rt+RN7aOi1nGMyC4Xa5DdYiukl2UWCbcJft7YhxReBGQD7OAM8Pbxw6YMo4r2diNEA8FEmu32YOn9rhaiE5yw==

typescript@^4.1.3:
  version "4.1.3"
  resolved "https://registry.yarnpkg.com/typescript/-/typescript-4.1.3.tgz#519d582bd94cba0cf8934c7d8e8467e473f53bb7"
  integrity sha512-B3ZIOf1IKeH2ixgHhj6la6xdwR9QrLC5d1VKeCSY4tvkqhF2eqd9O7txNlS0PO3GrBAFIdr3L1ndNwteUbZLYg==

uint8arrays@1.1.0, uint8arrays@^1.0.0, uint8arrays@^1.1.0:
  version "1.1.0"
  resolved "https://registry.yarnpkg.com/uint8arrays/-/uint8arrays-1.1.0.tgz#d034aa65399a9fd213a1579e323f0b29f67d0ed2"
  integrity sha512-cLdlZ6jnFczsKf5IH1gPHTtcHtPGho5r4CvctohmQjw8K7Q3gFdfIGHxSTdTaCKrL4w09SsPRJTqRS0drYeszA==
  dependencies:
    multibase "^3.0.0"
    web-encoding "^1.0.2"

universalify@^1.0.0:
  version "1.0.0"
  resolved "https://registry.yarnpkg.com/universalify/-/universalify-1.0.0.tgz#b61a1da173e8435b2fe3c67d29b9adf8594bd16d"
  integrity sha512-rb6X1W158d7pRQBg5gkR8uPaSfiids68LTJQYOtEUhoJUWBdaQHsuT/EUduxXYxcrt4r5PJ4fuHW1MHT6p0qug==

universalify@^2.0.0:
  version "2.0.0"
  resolved "https://registry.yarnpkg.com/universalify/-/universalify-2.0.0.tgz#75a4984efedc4b08975c5aeb73f530d02df25717"
  integrity sha512-hAZsKq7Yy11Zu1DE0OzWjw7nnLZmJZYTDZZyEFHZdUhV8FkH5MCfoU1XMaxXovpyW5nq5scPqq0ZDP9Zyl04oQ==

urijs@^1.19.1:
  version "1.19.5"
  resolved "https://registry.yarnpkg.com/urijs/-/urijs-1.19.5.tgz#119683ab4b2fb0bd637e5ea6dd9117bcac68d3e4"
  integrity sha512-48z9VGWwdCV5KfizHsE05DWS5fhK6gFlx5MjO7xu0Krc5FGPWzjlXEVV0nPMrdVuP7xmMHiPZ2HoYZwKOFTZOg==

url-parse@^1.4.3:
  version "1.4.7"
  resolved "https://registry.yarnpkg.com/url-parse/-/url-parse-1.4.7.tgz#a8a83535e8c00a316e403a5db4ac1b9b853ae278"
  integrity sha512-d3uaVyzDB9tQoSXFvuSUNFibTd9zxd2bkVrDRvF5TmvWWQwqE4lgYJ5m+x1DbecWkw+LK4RNl2CU1hHuOKPVlg==
  dependencies:
    querystringify "^2.1.1"
    requires-port "^1.0.0"

util-deprecate@^1.0.1:
  version "1.0.2"
  resolved "https://registry.yarnpkg.com/util-deprecate/-/util-deprecate-1.0.2.tgz#450d4dc9fa70de732762fbd2d4a28981419a0ccf"
  integrity sha1-RQ1Nyfpw3nMnYvvS1KKJgUGaDM8=

utility-types@^3.7.0:
  version "3.10.0"
  resolved "https://registry.yarnpkg.com/utility-types/-/utility-types-3.10.0.tgz#ea4148f9a741015f05ed74fd615e1d20e6bed82b"
  integrity sha512-O11mqxmi7wMKCo6HKFt5AhO4BwY3VV68YU07tgxfz8zJTIxr4BpsezN49Ffwy9j3ZpwwJp4fkRwjRzq3uWE6Rg==

varint@^5.0.0, varint@~5.0.0:
  version "5.0.2"
  resolved "https://registry.yarnpkg.com/varint/-/varint-5.0.2.tgz#5b47f8a947eb668b848e034dcfa87d0ff8a7f7a4"
  integrity sha512-lKxKYG6H03yCZUpAGOPOsMcGxd1RHCu1iKvEHYDPmTyq2HueGhD73ssNBqqQWfvYs04G9iUFRvmAVLW20Jw6ow==

varint@^6.0.0:
  version "6.0.0"
  resolved "https://registry.yarnpkg.com/varint/-/varint-6.0.0.tgz#9881eb0ce8feaea6512439d19ddf84bf551661d0"
  integrity sha512-cXEIW6cfr15lFv563k4GuVuW/fiwjknytD37jIOLSdSWuOI6WnO/oKwmP2FQTU2l01LP8/M5TSAJpzUaGe3uWg==

web-encoding@^1.0.2, web-encoding@^1.0.4:
  version "1.0.6"
  resolved "https://registry.yarnpkg.com/web-encoding/-/web-encoding-1.0.6.tgz#ec631356ee523b4474ecbcae680440bd1e79416a"
  integrity sha512-26wEnRPEFAc5d5lmH1Q/DuvWEYsRF1D2alX2jlKpdmqv7cj+BbANL7Xlcl9r4s72Eg9kItZa9RWVbBMC9dMv4w==

yn@3.1.1:
  version "3.1.1"
  resolved "https://registry.yarnpkg.com/yn/-/yn-3.1.1.tgz#1e87401a09d767c1d5eab26a6e4c185182d2eb50"
  integrity sha512-Ux4ygGWsu2c7isFWe8Yu1YluJmqVhxqK2cLXNQA5AcC3QfbGNpM7fu0Y8b/z16pXLnFxZYvWhd3fhBY9DLmC6Q==
